
Microsoft Visual Studio Solution File, Format Version 9.00
# Visual Studio 2005
# SharpDevelop 3.0.0.2970
Project("{FAE04EC0-301F-11D3-BF4B-00C04F79EFBC}") = "RPChess", "RPChess\RPChess.csproj", "{731880B8-6BD3-4C84-AAA4-321937C788D2}"
EndProject
Project("{FAE04EC0-301F-11D3-BF4B-00C04F79EFBC}") = "RPChessTest", "RpChessTest\RPChessTest.csproj", "{B4014859-50AA-4C3B-A657-7054C131ACA8}"
	ProjectSection(ProjectDependencies) = postProject
		{84FB13C3-6422-4AAF-BB7D-03726720A4B0} = {84FB13C3-6422-4AAF-BB7D-03726720A4B0}
	EndProjectSection
EndProject
Project("{FAE04EC0-301F-11D3-BF4B-00C04F79EFBC}") = "RPChessWindows", "RPChessWindows\RPChessWindows.csproj", "{84FB13C3-6422-4AAF-BB7D-03726720A4B0}"
EndProject
Global
	GlobalSection(SolutionConfigurationPlatforms) = preSolution
		Debug|Any CPU = Debug|Any CPU
		Debug|Mixed Platforms = Debug|Mixed Platforms
		Debug|x86 = Debug|x86
		Debug|Xbox 360 = Debug|Xbox 360
		Release|Any CPU = Release|Any CPU
		Release|Mixed Platforms = Release|Mixed Platforms
		Release|x86 = Release|x86
		Release|Xbox 360 = Release|Xbox 360
	EndGlobalSection
	GlobalSection(ProjectConfigurationPlatforms) = postSolution
		{731880B8-6BD3-4C84-AAA4-321937C788D2}.Debug|Any CPU.ActiveCfg = Debug|Xbox 360
		{731880B8-6BD3-4C84-AAA4-321937C788D2}.Debug|Mixed Platforms.ActiveCfg = Debug|Xbox 360
		{731880B8-6BD3-4C84-AAA4-321937C788D2}.Debug|Mixed Platforms.Build.0 = Debug|Xbox 360
		{731880B8-6BD3-4C84-AAA4-321937C788D2}.Debug|Mixed Platforms.Deploy.0 = Debug|Xbox 360
		{731880B8-6BD3-4C84-AAA4-321937C788D2}.Debug|x86.ActiveCfg = Debug|Xbox 360
		{731880B8-6BD3-4C84-AAA4-321937C788D2}.Debug|Xbox 360.ActiveCfg = Debug|Xbox 360
		{731880B8-6BD3-4C84-AAA4-321937C788D2}.Debug|Xbox 360.Build.0 = Debug|Xbox 360
		{731880B8-6BD3-4C84-AAA4-321937C788D2}.Debug|Xbox 360.Deploy.0 = Debug|Xbox 360
		{731880B8-6BD3-4C84-AAA4-321937C788D2}.Release|Any CPU.ActiveCfg = Release|Xbox 360
		{731880B8-6BD3-4C84-AAA4-321937C788D2}.Release|Mixed Platforms.ActiveCfg = Release|Xbox 360
		{731880B8-6BD3-4C84-AAA4-321937C788D2}.Release|Mixed Platforms.Build.0 = Release|Xbox 360
		{731880B8-6BD3-4C84-AAA4-321937C788D2}.Release|Mixed Platforms.Deploy.0 = Release|Xbox 360
		{731880B8-6BD3-4C84-AAA4-321937C788D2}.Release|x86.ActiveCfg = Release|Xbox 360
		{731880B8-6BD3-4C84-AAA4-321937C788D2}.Release|Xbox 360.ActiveCfg = Release|Xbox 360
		{731880B8-6BD3-4C84-AAA4-321937C788D2}.Release|Xbox 360.Build.0 = Release|Xbox 360
		{731880B8-6BD3-4C84-AAA4-321937C788D2}.Release|Xbox 360.Deploy.0 = Release|Xbox 360
		{766BE80E-FC62-41DD-9BE2-066A6B597344}.Debug|Any CPU.ActiveCfg = Debug|Xbox 360
		{766BE80E-FC62-41DD-9BE2-066A6B597344}.Debug|Mixed Platforms.ActiveCfg = Debug|Xbox 360
		{766BE80E-FC62-41DD-9BE2-066A6B597344}.Debug|x86.ActiveCfg = Debug|Xbox 360
		{766BE80E-FC62-41DD-9BE2-066A6B597344}.Debug|Xbox 360.ActiveCfg = Debug|Xbox 360
		{766BE80E-FC62-41DD-9BE2-066A6B597344}.Release|Any CPU.ActiveCfg = Release|Xbox 360
		{766BE80E-FC62-41DD-9BE2-066A6B597344}.Release|Mixed Platforms.ActiveCfg = Release|Xbox 360
		{766BE80E-FC62-41DD-9BE2-066A6B597344}.Release|x86.ActiveCfg = Release|Xbox 360
		{766BE80E-FC62-41DD-9BE2-066A6B597344}.Release|Xbox 360.ActiveCfg = Release|Xbox 360
		{B4014859-50AA-4C3B-A657-7054C131ACA8}.Debug|Any CPU.ActiveCfg = Debug|Any CPU
		{B4014859-50AA-4C3B-A657-7054C131ACA8}.Debug|Any CPU.Build.0 = Debug|Any CPU
		{B4014859-50AA-4C3B-A657-7054C131ACA8}.Debug|Mixed Platforms.ActiveCfg = Debug|Any CPU
		{B4014859-50AA-4C3B-A657-7054C131ACA8}.Debug|Mixed Platforms.Build.0 = Debug|Any CPU
		{B4014859-50AA-4C3B-A657-7054C131ACA8}.Debug|x86.ActiveCfg = Debug|Any CPU
		{B4014859-50AA-4C3B-A657-7054C131ACA8}.Debug|Xbox 360.ActiveCfg = Debug|Any CPU
		{B4014859-50AA-4C3B-A657-7054C131ACA8}.Release|Any CPU.ActiveCfg = Release|Any CPU
		{B4014859-50AA-4C3B-A657-7054C131ACA8}.Release|Any CPU.Build.0 = Release|Any CPU
		{B4014859-50AA-4C3B-A657-7054C131ACA8}.Release|Mixed Platforms.ActiveCfg = Release|Any CPU
		{B4014859-50AA-4C3B-A657-7054C131ACA8}.Release|Mixed Platforms.Build.0 = Release|Any CPU
		{B4014859-50AA-4C3B-A657-7054C131ACA8}.Release|x86.ActiveCfg = Release|Any CPU
		{B4014859-50AA-4C3B-A657-7054C131ACA8}.Release|Xbox 360.ActiveCfg = Release|Any CPU
		{84FB13C3-6422-4AAF-BB7D-03726720A4B0}.Debug|Any CPU.ActiveCfg = Debug|x86
		{84FB13C3-6422-4AAF-BB7D-03726720A4B0}.Debug|Mixed Platforms.ActiveCfg = Debug|x86
		{84FB13C3-6422-4AAF-BB7D-03726720A4B0}.Debug|Mixed Platforms.Build.0 = Debug|x86
		{84FB13C3-6422-4AAF-BB7D-03726720A4B0}.Debug|x86.ActiveCfg = Debug|x86
		{84FB13C3-6422-4AAF-BB7D-03726720A4B0}.Debug|x86.Build.0 = Debug|x86
		{84FB13C3-6422-4AAF-BB7D-03726720A4B0}.Debug|Xbox 360.ActiveCfg = Debug|x86
		{84FB13C3-6422-4AAF-BB7D-03726720A4B0}.Release|Any CPU.ActiveCfg = Release|x86
		{84FB13C3-6422-4AAF-BB7D-03726720A4B0}.Release|Mixed Platforms.ActiveCfg = Release|x86
		{84FB13C3-6422-4AAF-BB7D-03726720A4B0}.Release|Mixed Platforms.Build.0 = Release|x86
		{84FB13C3-6422-4AAF-BB7D-03726720A4B0}.Release|x86.ActiveCfg = Release|x86
		{84FB13C3-6422-4AAF-BB7D-03726720A4B0}.Release|x86.Build.0 = Release|x86
		{84FB13C3-6422-4AAF-BB7D-03726720A4B0}.Release|Xbox 360.ActiveCfg = Release|x86
		{EF18F944-A923-47A0-8C59-32FE0132B209}.Debug|Any CPU.ActiveCfg = Debug|x86
		{EF18F944-A923-47A0-8C59-32FE0132B209}.Debug|Mixed Platforms.ActiveCfg = Debug|x86
		{EF18F944-A923-47A0-8C59-32FE0132B209}.Debug|x86.ActiveCfg = Debug|x86
		{EF18F944-A923-47A0-8C59-32FE0132B209}.Debug|Xbox 360.ActiveCfg = Debug|x86
		{EF18F944-A923-47A0-8C59-32FE0132B209}.Release|Any CPU.ActiveCfg = Release|x86
		{EF18F944-A923-47A0-8C59-32FE0132B209}.Release|Mixed Platforms.ActiveCfg = Release|x86
		{EF18F944-A923-47A0-8C59-32FE0132B209}.Release|x86.ActiveCfg = Release|x86
		{EF18F944-A923-47A0-8C59-32FE0132B209}.Release|Xbox 360.ActiveCfg = Release|x86
		{84FB13C3-6422-4AAF-BB7D-03726720A4B0}.Debug|Any CPU.Build.0 = Debug|Any CPU
		{84FB13C3-6422-4AAF-BB7D-03726720A4B0}.Debug|Xbox 360.Build.0 = Debug|Xbox 360
		{84FB13C3-6422-4AAF-BB7D-03726720A4B0}.Release|Any CPU.Build.0 = Release|Any CPU
		{84FB13C3-6422-4AAF-BB7D-03726720A4B0}.Release|Xbox 360.Build.0 = Release|Xbox 360
		{B4014859-50AA-4C3B-A657-7054C131ACA8}.Debug|x86.Build.0 = Debug|x86
		{B4014859-50AA-4C3B-A657-7054C131ACA8}.Debug|Xbox 360.Build.0 = Debug|Xbox 360
		{B4014859-50AA-4C3B-A657-7054C131ACA8}.Release|x86.Build.0 = Release|x86
		{B4014859-50AA-4C3B-A657-7054C131ACA8}.Release|Xbox 360.Build.0 = Release|Xbox 360
		{731880B8-6BD3-4C84-AAA4-321937C788D2}.Debug|Any CPU.Build.0 = Debug|Any CPU
		{731880B8-6BD3-4C84-AAA4-321937C788D2}.Debug|x86.Build.0 = Debug|x86
		{731880B8-6BD3-4C84-AAA4-321937C788D2}.Release|Any CPU.Build.0 = Release|Any CPU
		{731880B8-6BD3-4C84-AAA4-321937C788D2}.Release|x86.Build.0 = Release|x86
	EndGlobalSection
	GlobalSection(SolutionProperties) = preSolution
		HideSolutionNode = FALSE
	EndGlobalSection
EndGlobal
